// !$*UTF8*$!
{
	archiveVersion = 1;
	classes = {
	};
	objectVersion = 46;
	objects = {

/* Begin PBXBuildFile section */
		FDACB3421CFD75CA0092EACC /* main.m in Sources */ = {isa = PBXBuildFile; fileRef = FDACB3411CFD75CA0092EACC /* main.m */; };
		FDACB3451CFD75CA0092EACC /* AppDelegate.m in Sources */ = {isa = PBXBuildFile; fileRef = FDACB3441CFD75CA0092EACC /* AppDelegate.m */; };
		FDACB34B1CFD75CA0092EACC /* Main.storyboard in Resources */ = {isa = PBXBuildFile; fileRef = FDACB3491CFD75CA0092EACC /* Main.storyboard */; };
		FDACB34D1CFD75CA0092EACC /* Assets.xcassets in Resources */ = {isa = PBXBuildFile; fileRef = FDACB34C1CFD75CA0092EACC /* Assets.xcassets */; };
		FDACB3501CFD75CA0092EACC /* LaunchScreen.storyboard in Resources */ = {isa = PBXBuildFile; fileRef = FDACB34E1CFD75CA0092EACC /* LaunchScreen.storyboard */; };
		FDACB35B1CFD75CB0092EACC /* BlackBillDetailDemoTests.m in Sources */ = {isa = PBXBuildFile; fileRef = FDACB35A1CFD75CB0092EACC /* BlackBillDetailDemoTests.m */; };
		FDACB3671CFD76230092EACC /* BillDetailViewController.m in Sources */ = {isa = PBXBuildFile; fileRef = FDACB3661CFD76230092EACC /* BillDetailViewController.m */; };
/* End PBXBuildFile section */

/* Begin PBXContainerItemProxy section */
		FDACB3571CFD75CB0092EACC /* PBXContainerItemProxy */ = {
			isa = PBXContainerItemProxy;
			containerPortal = FDACB3351CFD75CA0092EACC /* Project object */;
			proxyType = 1;
			remoteGlobalIDString = FDACB33C1CFD75CA0092EACC;
			remoteInfo = BlackBillDetailDemo;
		};
/* End PBXContainerItemProxy section */

/* Begin PBXFileReference section */
		FDACB33D1CFD75CA0092EACC /* BlackBillDetailDemo.app */ = {isa = PBXFileReference; explicitFileType = wrapper.application; includeInIndex = 0; path = BlackBillDetailDemo.app; sourceTree = BUILT_PRODUCTS_DIR; };
		FDACB3411CFD75CA0092EACC /* main.m */ = {isa = PBXFileReference; lastKnownFileType = sourcecode.c.objc; path = main.m; sourceTree = "<group>"; };
		FDACB3431CFD75CA0092EACC /* AppDelegate.h */ = {isa = PBXFileReference; lastKnownFileType = sourcecode.c.h; path = AppDelegate.h; sourceTree = "<group>"; };
		FDACB3441CFD75CA0092EACC /* AppDelegate.m */ = {isa = PBXFileReference; lastKnownFileType = sourcecode.c.objc; path = AppDelegate.m; sourceTree = "<group>"; };
		FDACB34A1CFD75CA0092EACC /* Base */ = {isa = PBXFileReference; lastKnownFileType = file.storyboard; name = Base; path = Base.lproj/Main.storyboard; sourceTree = "<group>"; };
		FDACB34C1CFD75CA0092EACC /* Assets.xcassets */ = {isa = PBXFileReference; lastKnownFileType = folder.assetcatalog; path = Assets.xcassets; sourceTree = "<group>"; };
		FDACB34F1CFD75CA0092EACC /* Base */ = {isa = PBXFileReference; lastKnownFileType = file.storyboard; name = Base; path = Base.lproj/LaunchScreen.storyboard; sourceTree = "<group>"; };
		FDACB3511CFD75CA0092EACC /* Info.plist */ = {isa = PBXFileReference; lastKnownFileType = text.plist.xml; path = Info.plist; sourceTree = "<group>"; };
		FDACB3561CFD75CB0092EACC /* BlackBillDetailDemoTests.xctest */ = {isa = PBXFileReference; explicitFileType = wrapper.cfbundle; includeInIndex = 0; path = BlackBillDetailDemoTests.xctest; sourceTree = BUILT_PRODUCTS_DIR; };
		FDACB35A1CFD75CB0092EACC /* BlackBillDetailDemoTests.m */ = {isa = PBXFileReference; lastKnownFileType = sourcecode.c.objc; path = BlackBillDetailDemoTests.m; sourceTree = "<group>"; };
		FDACB35C1CFD75CB0092EACC /* Info.plist */ = {isa = PBXFileReference; lastKnownFileType = text.plist.xml; path = Info.plist; sourceTree = "<group>"; };
		FDACB3651CFD76230092EACC /* BillDetailViewController.h */ = {isa = PBXFileReference; fileEncoding = 4; lastKnownFileType = sourcecode.c.h; path = BillDetailViewController.h; sourceTree = "<group>"; };
		FDACB3661CFD76230092EACC /* BillDetailViewController.m */ = {isa = PBXFileReference; fileEncoding = 4; lastKnownFileType = sourcecode.c.objc; path = BillDetailViewController.m; sourceTree = "<group>"; };
/* End PBXFileReference section */

/* Begin PBXFrameworksBuildPhase section */
		FDACB33A1CFD75CA0092EACC /* Frameworks */ = {
			isa = PBXFrameworksBuildPhase;
			buildActionMask = 2147483647;
			files = (
			);
			runOnlyForDeploymentPostprocessing = 0;
		};
		FDACB3531CFD75CB0092EACC /* Frameworks */ = {
			isa = PBXFrameworksBuildPhase;
			buildActionMask = 2147483647;
			files = (
			);
			runOnlyForDeploymentPostprocessing = 0;
		};
/* End PBXFrameworksBuildPhase section */

/* Begin PBXGroup section */
		FDACB3341CFD75CA0092EACC = {
			isa = PBXGroup;
			children = (
				FDACB33F1CFD75CA0092EACC /* BlackBillDetailDemo */,
				FDACB3591CFD75CB0092EACC /* BlackBillDetailDemoTests */,
				FDACB33E1CFD75CA0092EACC /* Products */,
			);
			sourceTree = "<group>";
		};
		FDACB33E1CFD75CA0092EACC /* Products */ = {
			isa = PBXGroup;
			children = (
				FDACB33D1CFD75CA0092EACC /* BlackBillDetailDemo.app */,
				FDACB3561CFD75CB0092EACC /* BlackBillDetailDemoTests.xctest */,
			);
			name = Products;
			sourceTree = "<group>";
		};
		FDACB33F1CFD75CA0092EACC /* BlackBillDetailDemo */ = {
			isa = PBXGroup;
			children = (
				FDACB3431CFD75CA0092EACC /* AppDelegate.h */,
				FDACB3441CFD75CA0092EACC /* AppDelegate.m */,
				FDACB3651CFD76230092EACC /* BillDetailViewController.h */,
				FDACB3661CFD76230092EACC /* BillDetailViewController.m */,
				FDACB3491CFD75CA0092EACC /* Main.storyboard */,
				FDACB34C1CFD75CA0092EACC /* Assets.xcassets */,
				FDACB34E1CFD75CA0092EACC /* LaunchScreen.storyboard */,
				FDACB3511CFD75CA0092EACC /* Info.plist */,
				FDACB3401CFD75CA0092EACC /* Supporting Files */,
			);
			path = BlackBillDetailDemo;
			sourceTree = "<group>";
		};
		FDACB3401CFD75CA0092EACC /* Supporting Files */ = {
			isa = PBXGroup;
			children = (
				FDACB3411CFD75CA0092EACC /* main.m */,
			);
			name = "Supporting Files";
			sourceTree = "<group>";
		};
		FDACB3591CFD75CB0092EACC /* BlackBillDetailDemoTests */ = {
			isa = PBXGroup;
			children = (
				FDACB35A1CFD75CB0092EACC /* BlackBillDetailDemoTests.m */,
				FDACB35C1CFD75CB0092EACC /* Info.plist */,
			);
			path = BlackBillDetailDemoTests;
			sourceTree = "<group>";
		};
/* End PBXGroup section */

/* Begin PBXNativeTarget section */
		FDACB33C1CFD75CA0092EACC /* BlackBillDetailDemo */ = {
			isa = PBXNativeTarget;
			buildConfigurationList = FDACB35F1CFD75CB0092EACC /* Build configuration list for PBXNativeTarget "BlackBillDetailDemo" */;
			buildPhases = (
				FDACB3391CFD75CA0092EACC /* Sources */,
				FDACB33A1CFD75CA0092EACC /* Frameworks */,
				FDACB33B1CFD75CA0092EACC /* Resources */,
			);
			buildRules = (
			);
			dependencies = (
			);
			name = BlackBillDetailDemo;
			productName = BlackBillDetailDemo;
			productReference = FDACB33D1CFD75CA0092EACC /* BlackBillDetailDemo.app */;
			productType = "com.apple.product-type.application";
		};
		FDACB3551CFD75CB0092EACC /* BlackBillDetailDemoTests */ = {
			isa = PBXNativeTarget;
			buildConfigurationList = FDACB3621CFD75CB0092EACC /* Build configuration list for PBXNativeTarget "BlackBillDetailDemoTests" */;
			buildPhases = (
				FDACB3521CFD75CB0092EACC /* Sources */,
				FDACB3531CFD75CB0092EACC /* Frameworks */,
				FDACB3541CFD75CB0092EACC /* Resources */,
			);
			buildRules = (
			);
			dependencies = (
				FDACB3581CFD75CB0092EACC /* PBXTargetDependency */,
			);
			name = BlackBillDetailDemoTests;
			productName = BlackBillDetailDemoTests;
			productReference = FDACB3561CFD75CB0092EACC /* BlackBillDetailDemoTests.xctest */;
			productType = "com.apple.product-type.bundle.unit-test";
		};
/* End PBXNativeTarget section */

/* Begin PBXProject section */
		FDACB3351CFD75CA0092EACC /* Project object */ = {
			isa = PBXProject;
			attributes = {
				LastUpgradeCheck = 0730;
				ORGANIZATIONNAME = long;
				TargetAttributes = {
					FDACB33C1CFD75CA0092EACC = {
						CreatedOnToolsVersion = 7.3.1;
					};
					FDACB3551CFD75CB0092EACC = {
						CreatedOnToolsVersion = 7.3.1;
						TestTargetID = FDACB33C1CFD75CA0092EACC;
					};
				};
			};
			buildConfigurationList = FDACB3381CFD75CA0092EACC /* Build configuration list for PBXProject "BlackBillDetailDemo" */;
			compatibilityVersion = "Xcode 3.2";
			developmentRegion = English;
			hasScannedForEncodings = 0;
			knownRegions = (
				en,
				Base,
			);
			mainGroup = FDACB3341CFD75CA0092EACC;
			productRefGroup = FDACB33E1CFD75CA0092EACC /* Products */;
			projectDirPath = "";
			projectRoot = "";
			targets = (
				FDACB33C1CFD75CA0092EACC /* BlackBillDetailDemo */,
				FDACB3551CFD75CB0092EACC /* BlackBillDetailDemoTests */,
			);
		};
/* End PBXProject section */

/* Begin PBXResourcesBuildPhase section */
		FDACB33B1CFD75CA0092EACC /* Resources */ = {
			isa = PBXResourcesBuildPhase;
			buildActionMask = 2147483647;
			files = (
				FDACB3501CFD75CA0092EACC /* LaunchScreen.storyboard in Resources */,
				FDACB34D1CFD75CA0092EACC /* Assets.xcassets in Resources */,
				FDACB34B1CFD75CA0092EACC /* Main.storyboard in Resources */,
			);
			runOnlyForDeploymentPostprocessing = 0;
		};
		FDACB3541CFD75CB0092EACC /* Resources */ = {
			isa = PBXResourcesBuildPhase;
			buildActionMask = 2147483647;
			files = (
			);
			runOnlyForDeploymentPostprocessing = 0;
		};
/* End PBXResourcesBuildPhase section */

/* Begin PBXSourcesBuildPhase section */
		FDACB3391CFD75CA0092EACC /* Sources */ = {
			isa = PBXSourcesBuildPhase;
			buildActionMask = 2147483647;
			files = (
				FDACB3451CFD75CA0092EACC /* AppDelegate.m in Sources */,
				FDACB3671CFD76230092EACC /* BillDetailViewController.m in Sources */,
				FDACB3421CFD75CA0092EACC /* main.m in Sources */,
			);
			runOnlyForDeploymentPostprocessing = 0;
		};
		FDACB3521CFD75CB0092EACC /* Sources */ = {
			isa = PBXSourcesBuildPhase;
			buildActionMask = 2147483647;
			files = (
				FDACB35B1CFD75CB0092EACC /* BlackBillDetailDemoTests.m in Sources */,
			);
			runOnlyForDeploymentPostprocessing = 0;
		};
/* End PBXSourcesBuildPhase section */

/* Begin PBXTargetDependency section */
		FDACB3581CFD75CB0092EACC /* PBXTargetDependency */ = {
			isa = PBXTargetDependency;
			target = FDACB33C1CFD75CA0092EACC /* BlackBillDetailDemo */;
			targetProxy = FDACB3571CFD75CB0092EACC /* PBXContainerItemProxy */;
		};
/* End PBXTargetDependency section */

/* Begin PBXVariantGroup section */
		FDACB3491CFD75CA0092EACC /* Main.storyboard */ = {
			isa = PBXVariantGroup;
			children = (
				FDACB34A1CFD75CA0092EACC /* Base */,
			);
			name = Main.storyboard;
			sourceTree = "<group>";
		};
		FDACB34E1CFD75CA0092EACC /* LaunchScreen.storyboard */ = {
			isa = PBXVariantGroup;
			children = (
				FDACB34F1CFD75CA0092EACC /* Base */,
			);
			name = LaunchScreen.storyboard;
			sourceTree = "<group>";
		};
/* End PBXVariantGroup section */

/* Begin XCBuildConfiguration section */
		FDACB35D1CFD75CB0092EACC /* Debug */ = {
			isa = XCBuildConfiguration;
			buildSettings = {
				ALWAYS_SEARCH_USER_PATHS = NO;
				CLANG_ANALYZER_NONNULL = YES;
				CLANG_CXX_LANGUAGE_STANDARD = "gnu++0x";
				CLANG_CXX_LIBRARY = "libc++";
				CLANG_ENABLE_MODULES = YES;
				CLANG_ENABLE_OBJC_ARC = YES;
				CLANG_WARN_BOOL_CONVERSION = YES;
				CLANG_WARN_CONSTANT_CONVERSION = YES;
				CLANG_WARN_DIRECT_OBJC_ISA_USAGE = YES_ERROR;
				CLANG_WARN_EMPTY_BODY = YES;
				CLANG_WARN_ENUM_CONVERSION = YES;
				CLANG_WARN_INT_CONVERSION = YES;
				CLANG_WARN_OBJC_ROOT_CLASS = YES_ERROR;
				CLANG_WARN_UNREACHABLE_CODE = YES;
				CLANG_WARN__DUPLICATE_METHOD_MATCH = YES;
				"CODE_SIGN_IDENTITY[sdk=iphoneos*]" = "iPhone Developer";
				COPY_PHASE_STRIP = NO;
				DEBUG_INFORMATION_FORMAT = dwarf;
				ENABLE_STRICT_OBJC_MSGSEND = YES;
				ENABLE_TESTABILITY = YES;
				GCC_C_LANGUAGE_STANDARD = gnu99;
				GCC_DYNAMIC_NO_PIC = NO;
				GCC_NO_COMMON_BLOCKS = YES;
				GCC_OPTIMIZATION_LEVEL = 0;
				GCC_PREPROCESSOR_DEFINITIONS = (
					"DEBUG=1",
					"$(inherited)",
				);
				GCC_WARN_64_TO_32_BIT_CONVERSION = YES;
				GCC_WARN_ABOUT_RETURN_TYPE = YES_ERROR;
				GCC_WARN_UNDECLARED_SELECTOR = YES;
				GCC_WARN_UNINITIALIZED_AUTOS = YES_AGGRESSIVE;
				GCC_WARN_UNUSED_FUNCTION = YES;
				GCC_WARN_UNUSED_VARIABLE = YES;
				IPHONEOS_DEPLOYMENT_TARGET = 9.3;
				MTL_ENABLE_DEBUG_INFO = YES;
				ONLY_ACTIVE_ARCH = YES;
				SDKROOT = iphoneos;
				TARGETED_DEVICE_FAMILY = "1,2";
			};
			name = Debug;
		};
		FDACB35E1CFD75CB0092EACC /* Release */ = {
			isa = XCBuildConfiguration;
			buildSettings = {
				ALWAYS_SEARCH_USER_PATHS = NO;
				CLANG_ANALYZER_NONNULL = YES;
				CLANG_CXX_LANGUAGE_STANDARD = "gnu++0x";
				CLANG_CXX_LIBRARY = "libc++";
				CLANG_ENABLE_MODULES = YES;
				CLANG_ENABLE_OBJC_ARC = YES;
				CLANG_WARN_BOOL_CONVERSION = YES;
				CLANG_WARN_CONSTANT_CONVERSION = YES;
				CLANG_WARN_DIRECT_OBJC_ISA_USAGE = YES_ERROR;
				CLANG_WARN_EMPTY_BODY = YES;
				CLANG_WARN_ENUM_CONVERSION = YES;
				CLANG_WARN_INT_CONVERSION = YES;
				CLANG_WARN_OBJC_ROOT_CLASS = YES_ERROR;
				CLANG_WARN_UNREACHABLE_CODE = YES;
				CLANG_WARN__DUPLICATE_METHOD_MATCH = YES;
				"CODE_SIGN_IDENTITY[sdk=iphoneos*]" = "iPhone Developer";
				COPY_PHASE_STRIP = NO;
				DEBUG_INFORMATION_FORMAT = "dwarf-with-dsym";
				ENABLE_NS_ASSERTIONS = NO;
				ENABLE_STRICT_OBJC_MSGSEND = YES;
				GCC_C_LANGUAGE_STANDARD = gnu99;
				GCC_NO_COMMON_BLOCKS = YES;
				GCC_WARN_64_TO_32_BIT_CONVERSION = YES;
				GCC_WARN_ABOUT_RETURN_TYPE = YES_ERROR;
				GCC_WARN_UNDECLARED_SELECTOR = YES;
				GCC_WARN_UNINITIALIZED_AUTOS = YES_AGGRESSIVE;
				GCC_WARN_UNUSED_FUNCTION = YES;
				GCC_WARN_UNUSED_VARIABLE = YES;
				IPHONEOS_DEPLOYMENT_TARGET = 9.3;
				MTL_ENABLE_DEBUG_INFO = NO;
				SDKROOT = iphoneos;
				TARGETED_DEVICE_FAMILY = "1,2";
				VALIDATE_PRODUCT = YES;
			};
			name = Release;
		};
		FDACB3601CFD75CB0092EACC /* Debug */ = {
			isa = XCBuildConfiguration;
			buildSettings = {
				ASSETCATALOG_COMPILER_APPICON_NAME = AppIcon;
				INFOPLIST_FILE = BlackBillDetailDemo/Info.plist;
				LD_RUNPATH_SEARCH_PATHS = "$(inherited) @executable_path/Frameworks";
				PRODUCT_BUNDLE_IDENTIFIER = hzins.BlackBillDetailDemo;
				PRODUCT_NAME = "$(TARGET_NAME)";
			};
			name = Debug;
		};
		FDACB3611CFD75CB0092EACC /* Release */ = {
			isa = XCBuildConfiguration;
			buildSettings = {
				ASSETCATALOG_COMPILER_APPICON_NAME = AppIcon;
				INFOPLIST_FILE = BlackBillDetailDemo/Info.plist;
				LD_RUNPATH_SEARCH_PATHS = "$(inherited) @executable_path/Frameworks";
				PRODUCT_BUNDLE_IDENTIFIER = hzins.BlackBillDetailDemo;
				PRODUCT_NAME = "$(TARGET_NAME)";
			};
			name = Release;
		};
		FDACB3631CFD75CB0092EACC /* Debug */ = {
			isa = XCBuildConfiguration;
			buildSettings = {
				BUNDLE_LOADER = "$(TEST_HOST)";
				INFOPLIST_FILE = BlackBillDetailDemoTests/Info.plist;
				LD_RUNPATH_SEARCH_PATHS = "$(inherited) @executable_path/Frameworks @loader_path/Frameworks";
				PRODUCT_BUNDLE_IDENTIFIER = hzins.BlackBillDetailDemoTests;
				PRODUCT_NAME = "$(TARGET_NAME)";
				TEST_HOST = "$(BUILT_PRODUCTS_DIR)/BlackBillDetailDemo.app/BlackBillDetailDemo";
			};
			name = Debug;
		};
		FDACB3641CFD75CB0092EACC /* Release */ = {
			isa = XCBuildConfiguration;
			buildSettings = {
				BUNDLE_LOADER = "$(TEST_HOST)";
				INFOPLIST_FILE = BlackBillDetailDemoTests/Info.plist;
				LD_RUNPATH_SEARCH_PATHS = "$(inherited) @executable_path/Frameworks @loader_path/Frameworks";
				PRODUCT_BUNDLE_IDENTIFIER = hzins.BlackBillDetailDemoTests;
				PRODUCT_NAME = "$(TARGET_NAME)";
				TEST_HOST = "$(BUILT_PRODUCTS_DIR)/BlackBillDetailDemo.app/BlackBillDetailDemo";
			};
			name = Release;
		};
/* End XCBuildConfiguration section */

/* Begin XCConfigurationList section */
		FDACB3381CFD75CA0092EACC /* Build configuration list for PBXProject "BlackBillDetailDemo" */ = {
			isa = XCConfigurationList;
			buildConfigurations = (
				FDACB35D1CFD75CB0092EACC /* Debug */,
				FDACB35E1CFD75CB0092EACC /* Release */,
			);
			defaultConfigurationIsVisible = 0;
			defaultConfigurationName = Release;
		};
		FDACB35F1CFD75CB0092EACC /* Build configuration list for PBXNativeTarget "BlackBillDetailDemo" */ = {
			isa = XCConfigurationList;
			buildConfigurations = (
				FDACB3601CFD75CB0092EACC /* Debug */,
				FDACB3611CFD75CB0092EACC /* Release */,
			);
			defaultConfigurationIsVisible = 0;
		};
		FDACB3621CFD75CB0092EACC /* Build configuration list for PBXNativeTarget "BlackBillDetailDemoTests" */ = {
			isa = XCConfigurationList;
			buildConfigurations = (
				FDACB3631CFD75CB0092EACC /* Debug */,
				FDACB3641CFD75CB0092EACC /* Release */,
			);
			defaultConfigurationIsVisible = 0;
		};
/* End XCConfigurationList section */
	};
	rootObject = FDACB3351CFD75CA0092EACC /* Project object */;
}
